
Microsoft Visual Studio Solution File, Format Version 12.00
# Visual Studio Version 17
VisualStudioVersion = 17.6.33829.357
MinimumVisualStudioVersion = 10.0.40219.1
Project("{9A19103F-16F7-4668-BE54-9A1E7A4F7556}") = "OnWelo.Models", "..\OnWelo.Models\OnWelo.Models.csproj", "{48146B39-6640-48C5-B2C9-193808EB1AB1}"
EndProject
Project("{9A19103F-16F7-4668-BE54-9A1E7A4F7556}") = "OnWelo.Repositories", "..\OnWelo.Repositories\OnWelo.Repositories.csproj", "{0F010AFC-5A24-4957-A516-9D99E01267F0}"
EndProject
Project("{9A19103F-16F7-4668-BE54-9A1E7A4F7556}") = "Onwelo", "Onwelo\Onwelo.csproj", "{AF173768-910F-4111-92B4-7DB745FF8AA3}"
EndProject
Global
	GlobalSection(SolutionConfigurationPlatforms) = preSolution
		Debug|Any CPU = Debug|Any CPU
		Release|Any CPU = Release|Any CPU
	EndGlobalSection
	GlobalSection(ProjectConfigurationPlatforms) = postSolution
		{48146B39-6640-48C5-B2C9-193808EB1AB1}.Debug|Any CPU.ActiveCfg = Debug|Any CPU
		{48146B39-6640-48C5-B2C9-193808EB1AB1}.Debug|Any CPU.Build.0 = Debug|Any CPU
		{48146B39-6640-48C5-B2C9-193808EB1AB1}.Release|Any CPU.ActiveCfg = Release|Any CPU
		{48146B39-6640-48C5-B2C9-193808EB1AB1}.Release|Any CPU.Build.0 = Release|Any CPU
		{0F010AFC-5A24-4957-A516-9D99E01267F0}.Debug|Any CPU.ActiveCfg = Debug|Any CPU
		{0F010AFC-5A24-4957-A516-9D99E01267F0}.Debug|Any CPU.Build.0 = Debug|Any CPU
		{0F010AFC-5A24-4957-A516-9D99E01267F0}.Release|Any CPU.ActiveCfg = Release|Any CPU
		{0F010AFC-5A24-4957-A516-9D99E01267F0}.Release|Any CPU.Build.0 = Release|Any CPU
		{AF173768-910F-4111-92B4-7DB745FF8AA3}.Debug|Any CPU.ActiveCfg = Debug|Any CPU
		{AF173768-910F-4111-92B4-7DB745FF8AA3}.Debug|Any CPU.Build.0 = Debug|Any CPU
		{AF173768-910F-4111-92B4-7DB745FF8AA3}.Release|Any CPU.ActiveCfg = Release|Any CPU
		{AF173768-910F-4111-92B4-7DB745FF8AA3}.Release|Any CPU.Build.0 = Release|Any CPU
	EndGlobalSection
	GlobalSection(SolutionProperties) = preSolution
		HideSolutionNode = FALSE
	EndGlobalSection
	GlobalSection(ExtensibilityGlobals) = postSolution
		SolutionGuid = {8215904C-6159-4477-9CD9-0C6611F52796}
	EndGlobalSection
EndGlobal
